
Microsoft Visual Studio Solution File, Format Version 11.00
# Visual Studio 2010
Project("{FAE04EC0-301F-11D3-BF4B-00C04F79EFBC}") = "MVC3Bootstrap", "MVC3Bootstrap\MVC3Bootstrap.csproj", "{A1C6C56D-B02F-40B2-85A3-17D3073A7785}"
EndProject
Global
	GlobalSection(SolutionConfigurationPlatforms) = preSolution
		Debug|Any CPU = Debug|Any CPU
		Release|Any CPU = Release|Any CPU
	EndGlobalSection
	GlobalSection(ProjectConfigurationPlatforms) = postSolution
		{A1C6C56D-B02F-40B2-85A3-17D3073A7785}.Debug|Any CPU.ActiveCfg = Debug|Any CPU
		{A1C6C56D-B02F-40B2-85A3-17D3073A7785}.Debug|Any CPU.Build.0 = Debug|Any CPU
		{A1C6C56D-B02F-40B2-85A3-17D3073A7785}.Release|Any CPU.ActiveCfg = Release|Any CPU
		{A1C6C56D-B02F-40B2-85A3-17D3073A7785}.Release|Any CPU.Build.0 = Release|Any CPU
	EndGlobalSection
	GlobalSection(SolutionProperties) = preSolution
		HideSolutionNode = FALSE
	EndGlobalSection
EndGlobal
